// !$*UTF8*$!
{
	archiveVersion = 1;
	classes = {
	};
	objectVersion = 51;
	objects = {

/* Begin PBXBuildFile section */
		AB20B55425939044000D131C /* AppDelegate.swift in Sources */ = {isa = PBXBuildFile; fileRef = AB20B55325939044000D131C /* AppDelegate.swift */; };
		AB20B55625939044000D131C /* SceneDelegate.swift in Sources */ = {isa = PBXBuildFile; fileRef = AB20B55525939044000D131C /* SceneDelegate.swift */; };
		AB20B55825939044000D131C /* MainViewController.swift in Sources */ = {isa = PBXBuildFile; fileRef = AB20B55725939044000D131C /* MainViewController.swift */; };
		AB20B55D25939046000D131C /* Assets.xcassets in Resources */ = {isa = PBXBuildFile; fileRef = AB20B55C25939046000D131C /* Assets.xcassets */; };
		AB20B56025939046000D131C /* LaunchScreen.storyboard in Resources */ = {isa = PBXBuildFile; fileRef = AB20B55E25939046000D131C /* LaunchScreen.storyboard */; };
		AB20B57625939F8A000D131C /* TabBarViewController.swift in Sources */ = {isa = PBXBuildFile; fileRef = AB20B57525939F8A000D131C /* TabBarViewController.swift */; };
		AB20B57A2593AE9B000D131C /* DomainsViewCell.swift in Sources */ = {isa = PBXBuildFile; fileRef = AB20B5792593AE9B000D131C /* DomainsViewCell.swift */; };
		AB20B57F2593B38F000D131C /* ApiHandler.swift in Sources */ = {isa = PBXBuildFile; fileRef = AB20B57E2593B38F000D131C /* ApiHandler.swift */; };
		AB20B5972593C1C0000D131C /* DataHandler.swift in Sources */ = {isa = PBXBuildFile; fileRef = AB20B5962593C1C0000D131C /* DataHandler.swift */; };
		CAC7DEAC5D56B3C4FF8E6636 /* Pods_TempMail.framework in Frameworks */ = {isa = PBXBuildFile; fileRef = 749BE666F547C77BE62DE8FE /* Pods_TempMail.framework */; };
/* End PBXBuildFile section */

/* Begin PBXFileReference section */
		749BE666F547C77BE62DE8FE /* Pods_TempMail.framework */ = {isa = PBXFileReference; explicitFileType = wrapper.framework; includeInIndex = 0; path = Pods_TempMail.framework; sourceTree = BUILT_PRODUCTS_DIR; };
		77068C36F4B88831C2BF209F /* Pods-TempMail.release.xcconfig */ = {isa = PBXFileReference; includeInIndex = 1; lastKnownFileType = text.xcconfig; name = "Pods-TempMail.release.xcconfig"; path = "Target Support Files/Pods-TempMail/Pods-TempMail.release.xcconfig"; sourceTree = "<group>"; };
		84C6C53C3CF9B538F271BF1F /* Pods-TempMail.debug.xcconfig */ = {isa = PBXFileReference; includeInIndex = 1; lastKnownFileType = text.xcconfig; name = "Pods-TempMail.debug.xcconfig"; path = "Target Support Files/Pods-TempMail/Pods-TempMail.debug.xcconfig"; sourceTree = "<group>"; };
		AB20B55025939044000D131C /* TempMail.app */ = {isa = PBXFileReference; explicitFileType = wrapper.application; includeInIndex = 0; path = TempMail.app; sourceTree = BUILT_PRODUCTS_DIR; };
		AB20B55325939044000D131C /* AppDelegate.swift */ = {isa = PBXFileReference; lastKnownFileType = sourcecode.swift; path = AppDelegate.swift; sourceTree = "<group>"; };
		AB20B55525939044000D131C /* SceneDelegate.swift */ = {isa = PBXFileReference; lastKnownFileType = sourcecode.swift; path = SceneDelegate.swift; sourceTree = "<group>"; };
		AB20B55725939044000D131C /* MainViewController.swift */ = {isa = PBXFileReference; lastKnownFileType = sourcecode.swift; path = MainViewController.swift; sourceTree = "<group>"; };
		AB20B55C25939046000D131C /* Assets.xcassets */ = {isa = PBXFileReference; lastKnownFileType = folder.assetcatalog; path = Assets.xcassets; sourceTree = "<group>"; };
		AB20B55F25939046000D131C /* Base */ = {isa = PBXFileReference; lastKnownFileType = file.storyboard; name = Base; path = Base.lproj/LaunchScreen.storyboard; sourceTree = "<group>"; };
		AB20B56125939046000D131C /* Info.plist */ = {isa = PBXFileReference; lastKnownFileType = text.plist.xml; path = Info.plist; sourceTree = "<group>"; };
		AB20B57525939F8A000D131C /* TabBarViewController.swift */ = {isa = PBXFileReference; lastKnownFileType = sourcecode.swift; path = TabBarViewController.swift; sourceTree = "<group>"; };
		AB20B5792593AE9B000D131C /* DomainsViewCell.swift */ = {isa = PBXFileReference; lastKnownFileType = sourcecode.swift; path = DomainsViewCell.swift; sourceTree = "<group>"; };
		AB20B57E2593B38F000D131C /* ApiHandler.swift */ = {isa = PBXFileReference; lastKnownFileType = sourcecode.swift; path = ApiHandler.swift; sourceTree = "<group>"; };
		AB20B5962593C1C0000D131C /* DataHandler.swift */ = {isa = PBXFileReference; lastKnownFileType = sourcecode.swift; path = DataHandler.swift; sourceTree = "<group>"; };
/* End PBXFileReference section */

/* Begin PBXFrameworksBuildPhase section */
		AB20B54D25939044000D131C /* Frameworks */ = {
			isa = PBXFrameworksBuildPhase;
			buildActionMask = 2147483647;
			files = (
				CAC7DEAC5D56B3C4FF8E6636 /* Pods_TempMail.framework in Frameworks */,
			);
			runOnlyForDeploymentPostprocessing = 0;
		};
/* End PBXFrameworksBuildPhase section */

/* Begin PBXGroup section */
		1FE53E796FEAB6774334BE13 /* Pods */ = {
			isa = PBXGroup;
			children = (
				84C6C53C3CF9B538F271BF1F /* Pods-TempMail.debug.xcconfig */,
				77068C36F4B88831C2BF209F /* Pods-TempMail.release.xcconfig */,
			);
			path = Pods;
			sourceTree = "<group>";
		};
		394E2D99E50A0D12B9F833C1 /* Frameworks */ = {
			isa = PBXGroup;
			children = (
				749BE666F547C77BE62DE8FE /* Pods_TempMail.framework */,
			);
			name = Frameworks;
			sourceTree = "<group>";
		};
		AB20B54725939044000D131C = {
			isa = PBXGroup;
			children = (
				AB20B55225939044000D131C /* TempMail */,
				AB20B55125939044000D131C /* Products */,
				1FE53E796FEAB6774334BE13 /* Pods */,
				394E2D99E50A0D12B9F833C1 /* Frameworks */,
			);
			sourceTree = "<group>";
		};
		AB20B55125939044000D131C /* Products */ = {
			isa = PBXGroup;
			children = (
				AB20B55025939044000D131C /* TempMail.app */,
			);
			name = Products;
			sourceTree = "<group>";
		};
		AB20B55225939044000D131C /* TempMail */ = {
			isa = PBXGroup;
			children = (
				AB20B5952593C1B2000D131C /* Data Handler */,
				AB20B5812593B561000D131C /* Mapper Classes */,
				AB20B57D2593B373000D131C /* Api Handlers */,
				AB20B5782593AE49000D131C /* Cells */,
				AB20B57125939424000D131C /* ViewControllers */,
				AB20B55325939044000D131C /* AppDelegate.swift */,
				AB20B55525939044000D131C /* SceneDelegate.swift */,
				AB20B55C25939046000D131C /* Assets.xcassets */,
				AB20B55E25939046000D131C /* LaunchScreen.storyboard */,
				AB20B56125939046000D131C /* Info.plist */,
			);
			path = TempMail;
			sourceTree = "<group>";
		};
		AB20B57125939424000D131C /* ViewControllers */ = {
			isa = PBXGroup;
			children = (
				AB20B55725939044000D131C /* MainViewController.swift */,
				AB20B57525939F8A000D131C /* TabBarViewController.swift */,
			);
			path = ViewControllers;
			sourceTree = "<group>";
		};
		AB20B5782593AE49000D131C /* Cells */ = {
			isa = PBXGroup;
			children = (
				AB20B5792593AE9B000D131C /* DomainsViewCell.swift */,
			);
			path = Cells;
			sourceTree = "<group>";
		};
		AB20B57D2593B373000D131C /* Api Handlers */ = {
			isa = PBXGroup;
			children = (
				AB20B57E2593B38F000D131C /* ApiHandler.swift */,
			);
			path = "Api Handlers";
			sourceTree = "<group>";
		};
		AB20B5812593B561000D131C /* Mapper Classes */ = {
			isa = PBXGroup;
			children = (
			);
			path = "Mapper Classes";
			sourceTree = "<group>";
		};
		AB20B5952593C1B2000D131C /* Data Handler */ = {
			isa = PBXGroup;
			children = (
				AB20B5962593C1C0000D131C /* DataHandler.swift */,
			);
			path = "Data Handler";
			sourceTree = "<group>";
		};
/* End PBXGroup section */

/* Begin PBXNativeTarget section */
		AB20B54F25939044000D131C /* TempMail */ = {
			isa = PBXNativeTarget;
			buildConfigurationList = AB20B56425939046000D131C /* Build configuration list for PBXNativeTarget "TempMail" */;
			buildPhases = (
				BFEFFDEE02D6BB4D2D88CF4C /* [CP] Check Pods Manifest.lock */,
				AB20B54C25939044000D131C /* Sources */,
				AB20B54D25939044000D131C /* Frameworks */,
				AB20B54E25939044000D131C /* Resources */,
				7F3A43FF644200E1B0776688 /* [CP] Embed Pods Frameworks */,
			);
			buildRules = (
			);
			dependencies = (
			);
			name = TempMail;
			productName = TempMail;
			productReference = AB20B55025939044000D131C /* TempMail.app */;
			productType = "com.apple.product-type.application";
		};
/* End PBXNativeTarget section */

/* Begin PBXProject section */
		AB20B54825939044000D131C /* Project object */ = {
			isa = PBXProject;
			attributes = {
				LastSwiftUpdateCheck = 1220;
				LastUpgradeCheck = 1220;
				TargetAttributes = {
					AB20B54F25939044000D131C = {
						CreatedOnToolsVersion = 12.2;
					};
				};
			};
			buildConfigurationList = AB20B54B25939044000D131C /* Build configuration list for PBXProject "TempMail" */;
			compatibilityVersion = "Xcode 9.3";
			developmentRegion = en;
			hasScannedForEncodings = 0;
			knownRegions = (
				en,
				Base,
			);
			mainGroup = AB20B54725939044000D131C;
			productRefGroup = AB20B55125939044000D131C /* Products */;
			projectDirPath = "";
			projectRoot = "";
			targets = (
				AB20B54F25939044000D131C /* TempMail */,
			);
		};
/* End PBXProject section */

/* Begin PBXResourcesBuildPhase section */
		AB20B54E25939044000D131C /* Resources */ = {
			isa = PBXResourcesBuildPhase;
			buildActionMask = 2147483647;
			files = (
				AB20B56025939046000D131C /* LaunchScreen.storyboard in Resources */,
				AB20B55D25939046000D131C /* Assets.xcassets in Resources */,
			);
			runOnlyForDeploymentPostprocessing = 0;
		};
/* End PBXResourcesBuildPhase section */

/* Begin PBXShellScriptBuildPhase section */
		7F3A43FF644200E1B0776688 /* [CP] Embed Pods Frameworks */ = {
			isa = PBXShellScriptBuildPhase;
			buildActionMask = 2147483647;
			files = (
			);
			inputFileListPaths = (
				"${PODS_ROOT}/Target Support Files/Pods-TempMail/Pods-TempMail-frameworks-${CONFIGURATION}-input-files.xcfilelist",
			);
			name = "[CP] Embed Pods Frameworks";
			outputFileListPaths = (
				"${PODS_ROOT}/Target Support Files/Pods-TempMail/Pods-TempMail-frameworks-${CONFIGURATION}-output-files.xcfilelist",
			);
			runOnlyForDeploymentPostprocessing = 0;
			shellPath = /bin/sh;
			shellScript = "\"${PODS_ROOT}/Target Support Files/Pods-TempMail/Pods-TempMail-frameworks.sh\"\n";
			showEnvVarsInLog = 0;
		};
		BFEFFDEE02D6BB4D2D88CF4C /* [CP] Check Pods Manifest.lock */ = {
			isa = PBXShellScriptBuildPhase;
			buildActionMask = 2147483647;
			files = (
			);
			inputFileListPaths = (
			);
			inputPaths = (
				"${PODS_PODFILE_DIR_PATH}/Podfile.lock",
				"${PODS_ROOT}/Manifest.lock",
			);
			name = "[CP] Check Pods Manifest.lock";
			outputFileListPaths = (
			);
			outputPaths = (
				"$(DERIVED_FILE_DIR)/Pods-TempMail-checkManifestLockResult.txt",
			);
			runOnlyForDeploymentPostprocessing = 0;
			shellPath = /bin/sh;
			shellScript = "diff \"${PODS_PODFILE_DIR_PATH}/Podfile.lock\" \"${PODS_ROOT}/Manifest.lock\" > /dev/null\nif [ $? != 0 ] ; then\n    # print error to STDERR\n    echo \"error: The sandbox is not in sync with the Podfile.lock. Run 'pod install' or update your CocoaPods installation.\" >&2\n    exit 1\nfi\n# This output is used by Xcode 'outputs' to avoid re-running this script phase.\necho \"SUCCESS\" > \"${SCRIPT_OUTPUT_FILE_0}\"\n";
			showEnvVarsInLog = 0;
		};
/* End PBXShellScriptBuildPhase section */

/* Begin PBXSourcesBuildPhase section */
		AB20B54C25939044000D131C /* Sources */ = {
			isa = PBXSourcesBuildPhase;
			buildActionMask = 2147483647;
			files = (
				AB20B57625939F8A000D131C /* TabBarViewController.swift in Sources */,
				AB20B57F2593B38F000D131C /* ApiHandler.swift in Sources */,
				AB20B55825939044000D131C /* MainViewController.swift in Sources */,
				AB20B55425939044000D131C /* AppDelegate.swift in Sources */,
				AB20B5972593C1C0000D131C /* DataHandler.swift in Sources */,
				AB20B57A2593AE9B000D131C /* DomainsViewCell.swift in Sources */,
				AB20B55625939044000D131C /* SceneDelegate.swift in Sources */,
			);
			runOnlyForDeploymentPostprocessing = 0;
		};
/* End PBXSourcesBuildPhase section */

/* Begin PBXVariantGroup section */
		AB20B55E25939046000D131C /* LaunchScreen.storyboard */ = {
			isa = PBXVariantGroup;
			children = (
				AB20B55F25939046000D131C /* Base */,
			);
			name = LaunchScreen.storyboard;
			sourceTree = "<group>";
		};
/* End PBXVariantGroup section */

/* Begin XCBuildConfiguration section */
		AB20B56225939046000D131C /* Debug */ = {
			isa = XCBuildConfiguration;
			buildSettings = {
				ALWAYS_SEARCH_USER_PATHS = NO;
				CLANG_ANALYZER_NONNULL = YES;
				CLANG_ANALYZER_NUMBER_OBJECT_CONVERSION = YES_AGGRESSIVE;
				CLANG_CXX_LANGUAGE_STANDARD = "gnu++14";
				CLANG_CXX_LIBRARY = "libc++";
				CLANG_ENABLE_MODULES = YES;
				CLANG_ENABLE_OBJC_ARC = YES;
				CLANG_ENABLE_OBJC_WEAK = YES;
				CLANG_WARN_BLOCK_CAPTURE_AUTORELEASING = YES;
				CLANG_WARN_BOOL_CONVERSION = YES;
				CLANG_WARN_COMMA = YES;
				CLANG_WARN_CONSTANT_CONVERSION = YES;
				CLANG_WARN_DEPRECATED_OBJC_IMPLEMENTATIONS = YES;
				CLANG_WARN_DIRECT_OBJC_ISA_USAGE = YES_ERROR;
				CLANG_WARN_DOCUMENTATION_COMMENTS = YES;
				CLANG_WARN_EMPTY_BODY = YES;
				CLANG_WARN_ENUM_CONVERSION = YES;
				CLANG_WARN_INFINITE_RECURSION = YES;
				CLANG_WARN_INT_CONVERSION = YES;
				CLANG_WARN_NON_LITERAL_NULL_CONVERSION = YES;
				CLANG_WARN_OBJC_IMPLICIT_RETAIN_SELF = YES;
				CLANG_WARN_OBJC_LITERAL_CONVERSION = YES;
				CLANG_WARN_OBJC_ROOT_CLASS = YES_ERROR;
				CLANG_WARN_QUOTED_INCLUDE_IN_FRAMEWORK_HEADER = YES;
				CLANG_WARN_RANGE_LOOP_ANALYSIS = YES;
				CLANG_WARN_STRICT_PROTOTYPES = YES;
				CLANG_WARN_SUSPICIOUS_MOVE = YES;
				CLANG_WARN_UNGUARDED_AVAILABILITY = YES_AGGRESSIVE;
				CLANG_WARN_UNREACHABLE_CODE = YES;
				CLANG_WARN__DUPLICATE_METHOD_MATCH = YES;
				COPY_PHASE_STRIP = NO;
				DEBUG_INFORMATION_FORMAT = dwarf;
				ENABLE_STRICT_OBJC_MSGSEND = YES;
				ENABLE_TESTABILITY = YES;
				GCC_C_LANGUAGE_STANDARD = gnu11;
				GCC_DYNAMIC_NO_PIC = NO;
				GCC_NO_COMMON_BLOCKS = YES;
				GCC_OPTIMIZATION_LEVEL = 0;
				GCC_PREPROCESSOR_DEFINITIONS = (
					"DEBUG=1",
					"$(inherited)",
				);
				GCC_WARN_64_TO_32_BIT_CONVERSION = YES;
				GCC_WARN_ABOUT_RETURN_TYPE = YES_ERROR;
				GCC_WARN_UNDECLARED_SELECTOR = YES;
				GCC_WARN_UNINITIALIZED_AUTOS = YES_AGGRESSIVE;
				GCC_WARN_UNUSED_FUNCTION = YES;
				GCC_WARN_UNUSED_VARIABLE = YES;
				IPHONEOS_DEPLOYMENT_TARGET = 14.2;
				MTL_ENABLE_DEBUG_INFO = INCLUDE_SOURCE;
				MTL_FAST_MATH = YES;
				ONLY_ACTIVE_ARCH = YES;
				SDKROOT = iphoneos;
				SWIFT_ACTIVE_COMPILATION_CONDITIONS = DEBUG;
				SWIFT_OPTIMIZATION_LEVEL = "-Onone";
			};
			name = Debug;
		};
		AB20B56325939046000D131C /* Release */ = {
			isa = XCBuildConfiguration;
			buildSettings = {
				ALWAYS_SEARCH_USER_PATHS = NO;
				CLANG_ANALYZER_NONNULL = YES;
				CLANG_ANALYZER_NUMBER_OBJECT_CONVERSION = YES_AGGRESSIVE;
				CLANG_CXX_LANGUAGE_STANDARD = "gnu++14";
				CLANG_CXX_LIBRARY = "libc++";
				CLANG_ENABLE_MODULES = YES;
				CLANG_ENABLE_OBJC_ARC = YES;
				CLANG_ENABLE_OBJC_WEAK = YES;
				CLANG_WARN_BLOCK_CAPTURE_AUTORELEASING = YES;
				CLANG_WARN_BOOL_CONVERSION = YES;
				CLANG_WARN_COMMA = YES;
				CLANG_WARN_CONSTANT_CONVERSION = YES;
				CLANG_WARN_DEPRECATED_OBJC_IMPLEMENTATIONS = YES;
				CLANG_WARN_DIRECT_OBJC_ISA_USAGE = YES_ERROR;
				CLANG_WARN_DOCUMENTATION_COMMENTS = YES;
				CLANG_WARN_EMPTY_BODY = YES;
				CLANG_WARN_ENUM_CONVERSION = YES;
				CLANG_WARN_INFINITE_RECURSION = YES;
				CLANG_WARN_INT_CONVERSION = YES;
				CLANG_WARN_NON_LITERAL_NULL_CONVERSION = YES;
				CLANG_WARN_OBJC_IMPLICIT_RETAIN_SELF = YES;
				CLANG_WARN_OBJC_LITERAL_CONVERSION = YES;
				CLANG_WARN_OBJC_ROOT_CLASS = YES_ERROR;
				CLANG_WARN_QUOTED_INCLUDE_IN_FRAMEWORK_HEADER = YES;
				CLANG_WARN_RANGE_LOOP_ANALYSIS = YES;
				CLANG_WARN_STRICT_PROTOTYPES = YES;
				CLANG_WARN_SUSPICIOUS_MOVE = YES;
				CLANG_WARN_UNGUARDED_AVAILABILITY = YES_AGGRESSIVE;
				CLANG_WARN_UNREACHABLE_CODE = YES;
				CLANG_WARN__DUPLICATE_METHOD_MATCH = YES;
				COPY_PHASE_STRIP = NO;
				DEBUG_INFORMATION_FORMAT = "dwarf-with-dsym";
				ENABLE_NS_ASSERTIONS = NO;
				ENABLE_STRICT_OBJC_MSGSEND = YES;
				GCC_C_LANGUAGE_STANDARD = gnu11;
				GCC_NO_COMMON_BLOCKS = YES;
				GCC_WARN_64_TO_32_BIT_CONVERSION = YES;
				GCC_WARN_ABOUT_RETURN_TYPE = YES_ERROR;
				GCC_WARN_UNDECLARED_SELECTOR = YES;
				GCC_WARN_UNINITIALIZED_AUTOS = YES_AGGRESSIVE;
				GCC_WARN_UNUSED_FUNCTION = YES;
				GCC_WARN_UNUSED_VARIABLE = YES;
				IPHONEOS_DEPLOYMENT_TARGET = 14.2;
				MTL_ENABLE_DEBUG_INFO = NO;
				MTL_FAST_MATH = YES;
				SDKROOT = iphoneos;
				SWIFT_COMPILATION_MODE = wholemodule;
				SWIFT_OPTIMIZATION_LEVEL = "-O";
				VALIDATE_PRODUCT = YES;
			};
			name = Release;
		};
		AB20B56525939046000D131C /* Debug */ = {
			isa = XCBuildConfiguration;
			baseConfigurationReference = 84C6C53C3CF9B538F271BF1F /* Pods-TempMail.debug.xcconfig */;
			buildSettings = {
				ASSETCATALOG_COMPILER_APPICON_NAME = AppIcon;
				ASSETCATALOG_COMPILER_GLOBAL_ACCENT_COLOR_NAME = AccentColor;
				CODE_SIGN_STYLE = Automatic;
				DEVELOPMENT_TEAM = M7ZU4P2P76;
				INFOPLIST_FILE = TempMail/Info.plist;
				LD_RUNPATH_SEARCH_PATHS = (
					"$(inherited)",
					"@executable_path/Frameworks",
				);
				PRODUCT_BUNDLE_IDENTIFIER = com.redroom.TempMail;
				PRODUCT_NAME = "$(TARGET_NAME)";
				SWIFT_VERSION = 5.0;
				TARGETED_DEVICE_FAMILY = 1;
			};
			name = Debug;
		};
		AB20B56625939046000D131C /* Release */ = {
			isa = XCBuildConfiguration;
			baseConfigurationReference = 77068C36F4B88831C2BF209F /* Pods-TempMail.release.xcconfig */;
			buildSettings = {
				ASSETCATALOG_COMPILER_APPICON_NAME = AppIcon;
				ASSETCATALOG_COMPILER_GLOBAL_ACCENT_COLOR_NAME = AccentColor;
				CODE_SIGN_STYLE = Automatic;
				DEVELOPMENT_TEAM = M7ZU4P2P76;
				INFOPLIST_FILE = TempMail/Info.plist;
				LD_RUNPATH_SEARCH_PATHS = (
					"$(inherited)",
					"@executable_path/Frameworks",
				);
				PRODUCT_BUNDLE_IDENTIFIER = com.redroom.TempMail;
				PRODUCT_NAME = "$(TARGET_NAME)";
				SWIFT_VERSION = 5.0;
				TARGETED_DEVICE_FAMILY = 1;
			};
			name = Release;
		};
/* End XCBuildConfiguration section */

/* Begin XCConfigurationList section */
		AB20B54B25939044000D131C /* Build configuration list for PBXProject "TempMail" */ = {
			isa = XCConfigurationList;
			buildConfigurations = (
				AB20B56225939046000D131C /* Debug */,
				AB20B56325939046000D131C /* Release */,
			);
			defaultConfigurationIsVisible = 0;
			defaultConfigurationName = Release;
		};
		AB20B56425939046000D131C /* Build configuration list for PBXNativeTarget "TempMail" */ = {
			isa = XCConfigurationList;
			buildConfigurations = (
				AB20B56525939046000D131C /* Debug */,
				AB20B56625939046000D131C /* Release */,
			);
			defaultConfigurationIsVisible = 0;
			defaultConfigurationName = Release;
		};
/* End XCConfigurationList section */
	};
	rootObject = AB20B54825939044000D131C /* Project object */;
}
